
Microsoft Visual Studio Solution File, Format Version 12.00
# Visual Studio Version 17
VisualStudioVersion = 17.9.34701.34
MinimumVisualStudioVersion = 10.0.40219.1
Project("{FAE04EC0-301F-11D3-BF4B-00C04F79EFBC}") = "HammingCodeLib", "HammingCodeLib\HammingCodeLib.csproj", "{3B02B0B7-D51E-44BD-AD78-25BD1A7DFE0A}"
EndProject
Project("{FAE04EC0-301F-11D3-BF4B-00C04F79EFBC}") = "HammingCodeExperiments", "HammingCodeExperiments\HammingCodeExperiments.csproj", "{4151A24F-0356-46FC-890F-9D98DBB95A2F}"
EndProject
Global
	GlobalSection(SolutionConfigurationPlatforms) = preSolution
		Debug|Any CPU = Debug|Any CPU
		Release|Any CPU = Release|Any CPU
	EndGlobalSection
	GlobalSection(ProjectConfigurationPlatforms) = postSolution
		{3B02B0B7-D51E-44BD-AD78-25BD1A7DFE0A}.Debug|Any CPU.ActiveCfg = Debug|Any CPU
		{3B02B0B7-D51E-44BD-AD78-25BD1A7DFE0A}.Debug|Any CPU.Build.0 = Debug|Any CPU
		{3B02B0B7-D51E-44BD-AD78-25BD1A7DFE0A}.Release|Any CPU.ActiveCfg = Release|Any CPU
		{3B02B0B7-D51E-44BD-AD78-25BD1A7DFE0A}.Release|Any CPU.Build.0 = Release|Any CPU
		{4151A24F-0356-46FC-890F-9D98DBB95A2F}.Debug|Any CPU.ActiveCfg = Debug|Any CPU
		{4151A24F-0356-46FC-890F-9D98DBB95A2F}.Debug|Any CPU.Build.0 = Debug|Any CPU
		{4151A24F-0356-46FC-890F-9D98DBB95A2F}.Release|Any CPU.ActiveCfg = Release|Any CPU
		{4151A24F-0356-46FC-890F-9D98DBB95A2F}.Release|Any CPU.Build.0 = Release|Any CPU
	EndGlobalSection
	GlobalSection(SolutionProperties) = preSolution
		HideSolutionNode = FALSE
	EndGlobalSection
	GlobalSection(ExtensibilityGlobals) = postSolution
		SolutionGuid = {0167C95E-33CE-49E4-870F-04607451BB89}
	EndGlobalSection
EndGlobal
